
Microsoft Visual Studio Solution File, Format Version 12.00
# Visual Studio Version 17
VisualStudioVersion = 17.4.33122.133
MinimumVisualStudioVersion = 10.0.40219.1
Project("{9A19103F-16F7-4668-BE54-9A1E7A4F7556}") = "YoutubeApp", "YoutubeApp\YoutubeApp.csproj", "{D8731E42-5487-4304-8CBB-5DB68DDF6A32}"
EndProject
Project("{9A19103F-16F7-4668-BE54-9A1E7A4F7556}") = "YoutubeApp.Tests", "YoutubeApp.Tests\YoutubeApp.Tests.csproj", "{FBE41C3C-DA78-4D32-8185-82A1231C2000}"
EndProject
Project("{2150E333-8FDC-42A3-9474-1A3956D46DE8}") = "Solution Items", "Solution Items", "{76C039DA-C7C7-414F-9B6D-983F5341C4AE}"
	ProjectSection(SolutionItems) = preProject
		LICENSE = LICENSE
		README.md = README.md
	EndProjectSection
EndProject
Project("{2150E333-8FDC-42A3-9474-1A3956D46DE8}") = "Scripts", "Scripts", "{75801BB8-7117-4172-B48B-AB700F5B36AF}"
	ProjectSection(SolutionItems) = preProject
		Scripts\Build.ps1 = Scripts\Build.ps1
	EndProjectSection
EndProject
Project("{FAE04EC0-301F-11D3-BF4B-00C04F79EFBC}") = "MsBox.Avalonia", "MessageBox.Avalonia\MsBox.Avalonia\MsBox.Avalonia.csproj", "{16493E81-1A85-4C63-B85C-A0244A18F57E}"
EndProject
Global
	GlobalSection(SolutionConfigurationPlatforms) = preSolution
		Debug|Any CPU = Debug|Any CPU
		Release|Any CPU = Release|Any CPU
	EndGlobalSection
	GlobalSection(ProjectConfigurationPlatforms) = postSolution
		{D8731E42-5487-4304-8CBB-5DB68DDF6A32}.Debug|Any CPU.ActiveCfg = Debug|Any CPU
		{D8731E42-5487-4304-8CBB-5DB68DDF6A32}.Debug|Any CPU.Build.0 = Debug|Any CPU
		{D8731E42-5487-4304-8CBB-5DB68DDF6A32}.Release|Any CPU.ActiveCfg = Release|Any CPU
		{D8731E42-5487-4304-8CBB-5DB68DDF6A32}.Release|Any CPU.Build.0 = Release|Any CPU
		{FBE41C3C-DA78-4D32-8185-82A1231C2000}.Debug|Any CPU.ActiveCfg = Debug|Any CPU
		{FBE41C3C-DA78-4D32-8185-82A1231C2000}.Debug|Any CPU.Build.0 = Debug|Any CPU
		{FBE41C3C-DA78-4D32-8185-82A1231C2000}.Release|Any CPU.ActiveCfg = Release|Any CPU
		{FBE41C3C-DA78-4D32-8185-82A1231C2000}.Release|Any CPU.Build.0 = Release|Any CPU
		{16493E81-1A85-4C63-B85C-A0244A18F57E}.Debug|Any CPU.ActiveCfg = Debug|Any CPU
		{16493E81-1A85-4C63-B85C-A0244A18F57E}.Debug|Any CPU.Build.0 = Debug|Any CPU
		{16493E81-1A85-4C63-B85C-A0244A18F57E}.Release|Any CPU.ActiveCfg = Release|Any CPU
		{16493E81-1A85-4C63-B85C-A0244A18F57E}.Release|Any CPU.Build.0 = Release|Any CPU
	EndGlobalSection
	GlobalSection(SolutionProperties) = preSolution
		HideSolutionNode = FALSE
	EndGlobalSection
	GlobalSection(ExtensibilityGlobals) = postSolution
		SolutionGuid = {129FE719-53C1-4C88-94D0-F444259222E1}
	EndGlobalSection
EndGlobal
